{
  "name": "icloud-windows-base",
  "version": "1.0.33",
  "lockfileVersion": 3,
  "requires": true,
  "packages": {
    "": {
      "name": "icloud-windows-base",
      "version": "1.0.33",
      "hasInstallScript": true,
      "dependencies": {
        "electron-store": "^8.2.0",
        "electron-tray-base": "github:taylorivanoff/electron-tray-base",
        "electron-updater": "^6.8.9"
      },
      "peerDependencies": {
        "electron": ">=43"
      }
    },
    "node_modules/@electron-internal/extract-zip": {
      "version": "1.0.5",
      "resolved": "https://registry.npmjs.org/@electron-internal/extract-zip/-/extract-zip-1.0.5.tgz",
      "integrity": "sha512-+bqFCP98pLI0Tt0XQo1TmlXtwjWchISndDOxCkEcIuUgXWpBnLyRI+2DU+mesvnMMX6L1XDqYNA0lXNDHd/yiA==",
      "license": "BSD-2-Clause",
      "peer": true,
      "engines": {
        "node": ">=22.12.0"
      }
    },
    "node_modules/@electron/get": {
      "version": "5.1.0",
      "resolved": "https://registry.npmjs.org/@electron/get/-/get-5.1.0.tgz",
      "integrity": "sha512-3kSBtG8ObcTVfXanm5vVJ6UnBLEVmVsRk1M+vGqCuMBV+XLCbJYuWQful+yIy0GQDsSlK0kHEriEHn7SPk4EnA==",
      "license": "MIT",
      "peer": true,
      "dependencies": {
        "debug": "^4.1.1",
        "env-paths": "^3.0.0",
        "graceful-fs": "^4.2.11",
        "progress": "^2.0.3",
        "semver": "^7.6.3",
        "sumchecker": "^3.0.1"
      },
      "engines": {
        "node": ">=22.12.0"
      },
      "optionalDependencies": {
        "undici": "^7.24.4"
      }
    },
    "node_modules/@types/node": {
      "version": "24.13.3",
      "resolved": "https://registry.npmjs.org/@types/node/-/node-24.13.3.tgz",
      "integrity": "sha512-Dh8vAsV36ig5wa9OX4pXvMc9D3Veibfw2wix0CUwYODLD8nkj9UsLjASr49nPg+2eKzxhBV+v7L8pXvT4e639Q==",
      "license": "MIT",
      "peer": true,
      "dependencies": {
        "undici-types": "~7.18.0"
      }
    },
    "node_modules/ajv": {
      "version": "8.20.0",
      "resolved": "https://registry.npmjs.org/ajv/-/ajv-8.20.0.tgz",
      "integrity": "sha512-Thbli+OlOj+iMPYFBVBfJ3OmCAnaSyNn4M1vz9T6Gka5Jt9ba/HIR56joy65tY6kx/FCF5VXNB819Y7/GUrBGA==",
      "license": "MIT",
      "dependencies": {
        "fast-deep-equal": "^3.1.3",
        "fast-uri": "^3.0.1",
        "json-schema-traverse": "^1.0.0",
        "require-from-string": "^2.0.2"
      },
      "funding": {
        "type": "github",
        "url": "https://github.com/sponsors/epoberezkin"
      }
    },
    "node_modules/ajv-formats": {
      "version": "2.1.1",
      "resolved": "https://registry.npmjs.org/ajv-formats/-/ajv-formats-2.1.1.tgz",
      "integrity": "sha512-Wx0Kx52hxE7C18hkMEggYlEifqWZtYaRgouJor+WMdPnQyEK13vgEWyVNup7SoeeoLMsr4kf5h6dOW11I15MUA==",
      "license": "MIT",
      "dependencies": {
        "ajv": "^8.0.0"
      },
      "peerDependencies": {
        "ajv": "^8.0.0"
      },
      "peerDependenciesMeta": {
        "ajv": {
          "optional": true
        }
      }
    },
    "node_modules/argparse": {
      "version": "2.0.1",
      "resolved": "https://registry.npmjs.org/argparse/-/argparse-2.0.1.tgz",
      "integrity": "sha512-8+9WqebbFzpX9OR+Wa6O29asIogeRMzcGtAINdpMHHyAg10f05aSFVBbcEqGf/PXw1EjAZ+q2/bEBg3DvurK3Q==",
      "license": "Python-2.0"
    },
    "node_modules/atomically": {
      "version": "1.7.0",
      "resolved": "https://registry.npmjs.org/atomically/-/atomically-1.7.0.tgz",
      "integrity": "sha512-Xcz9l0z7y9yQ9rdDaxlmaI4uJHf/T8g9hOEzJcsEqX2SjCj4J20uK7+ldkDHMbpJDK76wF7xEIgxc/vSlsfw5w==",
      "license": "MIT",
      "engines": {
        "node": ">=10.12.0"
      }
    },
    "node_modules/builder-util-runtime": {
      "version": "9.7.0",
      "resolved": "https://registry.npmjs.org/builder-util-runtime/-/builder-util-runtime-9.7.0.tgz",
      "integrity": "sha512-g/kR520giAFYkSXTzcmF3kqQq7wi8F6N6SzeDgZrqTBN+VHdmgWOyTdD1yD7AATDId/yXLvuP34CxW46/BwCdw==",
      "license": "MIT",
      "dependencies": {
        "debug": "^4.3.4",
        "sax": "^1.2.4"
      },
      "engines": {
        "node": ">=12.0.0"
      }
    },
    "node_modules/conf": {
      "version": "10.2.0",
      "resolved": "https://registry.npmjs.org/conf/-/conf-10.2.0.tgz",
      "integrity": "sha512-8fLl9F04EJqjSqH+QjITQfJF8BrOVaYr1jewVgSRAEWePfxT0sku4w2hrGQ60BC/TNLGQ2pgxNlTbWQmMPFvXg==",
      "license": "MIT",
      "dependencies": {
        "ajv": "^8.6.3",
        "ajv-formats": "^2.1.1",
        "atomically": "^1.7.0",
        "debounce-fn": "^4.0.0",
        "dot-prop": "^6.0.1",
        "env-paths": "^2.2.1",
        "json-schema-typed": "^7.0.3",
        "onetime": "^5.1.2",
        "pkg-up": "^3.1.0",
        "semver": "^7.3.5"
      },
      "engines": {
        "node": ">=12"
      },
      "funding": {
        "url": "https://github.com/sponsors/sindresorhus"
      }
    },
    "node_modules/conf/node_modules/env-paths": {
      "version": "2.2.1",
      "resolved": "https://registry.npmjs.org/env-paths/-/env-paths-2.2.1.tgz",
      "integrity": "sha512-+h1lkLKhZMTYjog1VEpJNG7NZJWcuc2DDk/qsqSTRRCOXiLjeQ1d1/udrUGhqMxUgAlwKNZ0cf2uqan5GLuS2A==",
      "license": "MIT",
      "engines": {
        "node": ">=6"
      }
    },
    "node_modules/debounce-fn": {
      "version": "4.0.0",
      "resolved": "https://registry.npmjs.org/debounce-fn/-/debounce-fn-4.0.0.tgz",
      "integrity": "sha512-8pYCQiL9Xdcg0UPSD3d+0KMlOjp+KGU5EPwYddgzQ7DATsg4fuUDjQtsYLmWjnk2obnNHgV3vE2Y4jejSOJVBQ==",
      "license": "MIT",
      "dependencies": {
        "mimic-fn": "^3.0.0"
      },
      "engines": {
        "node": ">=10"
      },
      "funding": {
        "url": "https://github.com/sponsors/sindresorhus"
      }
    },
    "node_modules/debug": {
      "version": "4.4.3",
      "resolved": "https://registry.npmjs.org/debug/-/debug-4.4.3.tgz",
      "integrity": "sha512-RGwwWnwQvkVfavKVt22FGLw+xYSdzARwm0ru6DhTVA3umU5hZc28V3kO4stgYryrTlLpuvgI9GiijltAjNbcqA==",
      "license": "MIT",
      "dependencies": {
        "ms": "^2.1.3"
      },
      "engines": {
        "node": ">=6.0"
      },
      "peerDependenciesMeta": {
        "supports-color": {
          "optional": true
        }
      }
    },
    "node_modules/dot-prop": {
      "version": "6.0.1",
      "resolved": "https://registry.npmjs.org/dot-prop/-/dot-prop-6.0.1.tgz",
      "integrity": "sha512-tE7ztYzXHIeyvc7N+hR3oi7FIbf/NIjVP9hmAt3yMXzrQ072/fpjGLx2GxNxGxUl5V73MEqYzioOMoVhGMJ5cA==",
      "license": "MIT",
      "dependencies": {
        "is-obj": "^2.0.0"
      },
      "engines": {
        "node": ">=10"
      },
      "funding": {
        "url": "https://github.com/sponsors/sindresorhus"
      }
    },
    "node_modules/electron": {
      "version": "43.3.0",
      "resolved": "https://registry.npmjs.org/electron/-/electron-43.3.0.tgz",
      "integrity": "sha512-nLlvu0WFjftWsSaTkV2B/c4NDuJBspTyXu8vKSQ6vLvFt8uG3NgN49LLKcXddwX0GqVvAQDhciWp+4xOdTdhew==",
      "license": "MIT",
      "peer": true,
      "dependencies": {
        "@electron-internal/extract-zip": "^1.0.1",
        "@electron/get": "^5.0.0",
        "@types/node": "^24.9.0"
      },
      "bin": {
        "electron": "cli.js",
        "install-electron": "install.js"
      },
      "engines": {
        "node": ">= 22.12.0"
      }
    },
    "node_modules/electron-store": {
      "version": "8.2.0",
      "resolved": "https://registry.npmjs.org/electron-store/-/electron-store-8.2.0.tgz",
      "integrity": "sha512-ukLL5Bevdil6oieAOXz3CMy+OgaItMiVBg701MNlG6W5RaC0AHN7rvlqTCmeb6O7jP0Qa1KKYTE0xV0xbhF4Hw==",
      "license": "MIT",
      "dependencies": {
        "conf": "^10.2.0",
        "type-fest": "^2.17.0"
      },
      "funding": {
        "url": "https://github.com/sponsors/sindresorhus"
      }
    },
    "node_modules/electron-tray-base": {
      "version": "1.0.2",
      "resolved": "git+ssh://git@github.com/taylorivanoff/electron-tray-base.git#6ca3f8611255b1d1485d15f6f8387d1a4c96b5cf",
      "hasInstallScript": true,
      "peerDependencies": {
        "electron": ">=28",
        "electron-store": "^8.2.0",
        "electron-updater": "^6.8.9"
      }
    },
    "node_modules/electron-updater": {
      "version": "6.8.9",
      "resolved": "https://registry.npmjs.org/electron-updater/-/electron-updater-6.8.9.tgz",
      "integrity": "sha512-ZhVxM9iGONUpZGI1FxdMRgJjUFXi7AYGVa5PwKlO1tV1/4zDxQmfKpXOHVztKrd6L9rLcFjERvi1Mf2vxyTkig==",
      "license": "MIT",
      "dependencies": {
        "builder-util-runtime": "9.7.0",
        "fs-extra": "^10.1.0",
        "js-yaml": "^4.1.0",
        "lazy-val": "^1.0.5",
        "lodash.escaperegexp": "^4.1.2",
        "lodash.isequal": "^4.5.0",
        "semver": "~7.7.3",
        "tiny-typed-emitter": "^2.1.0"
      }
    },
    "node_modules/electron-updater/node_modules/semver": {
      "version": "7.7.4",
      "resolved": "https://registry.npmjs.org/semver/-/semver-7.7.4.tgz",
      "integrity": "sha512-vFKC2IEtQnVhpT78h1Yp8wzwrf8CM+MzKMHGJZfBtzhZNycRFnXsHk6E5TxIkkMsgNS7mdX3AGB7x2QM2di4lA==",
      "license": "ISC",
      "bin": {
        "semver": "bin/semver.js"
      },
      "engines": {
        "node": ">=10"
      }
    },
    "node_modules/env-paths": {
      "version": "3.0.0",
      "resolved": "https://registry.npmjs.org/env-paths/-/env-paths-3.0.0.tgz",
      "integrity": "sha512-dtJUTepzMW3Lm/NPxRf3wP4642UWhjL2sQxc+ym2YMj1m/H2zDNQOlezafzkHwn6sMstjHTwG6iQQsctDW/b1A==",
      "license": "MIT",
      "peer": true,
      "engines": {
        "node": "^12.20.0 || ^14.13.1 || >=16.0.0"
      },
      "funding": {
        "url": "https://github.com/sponsors/sindresorhus"
      }
    },
    "node_modules/fast-deep-equal": {
      "version": "3.1.3",
      "resolved": "https://registry.npmjs.org/fast-deep-equal/-/fast-deep-equal-3.1.3.tgz",
      "integrity": "sha512-f3qQ9oQy9j2AhBe/H9VC91wLmKBCCU/gDOnKNAYG5hswO7BLKj09Hc5HYNz9cGI++xlpDCIgDaitVs03ATR84Q==",
      "license": "MIT"
    },
    "node_modules/fast-uri": {
      "version": "3.1.5",
      "resolved": "https://registry.npmjs.org/fast-uri/-/fast-uri-3.1.5.tgz",
      "integrity": "sha512-gHwA1O9LDIcKunMKhObS/HimwtehO1nPUECKAu5TpKgaO19fcWEl4bliWe1jWxVFvIXztJjjQ4L8XQ1EU9f7Jw==",
      "funding": [
        {
          "type": "github",
          "url": "https://github.com/sponsors/fastify"
        },
        {
          "type": "opencollective",
          "url": "https://opencollective.com/fastify"
        }
      ],
      "license": "BSD-3-Clause"
    },
    "node_modules/find-up": {
      "version": "3.0.0",
      "resolved": "https://registry.npmjs.org/find-up/-/find-up-3.0.0.tgz",
      "integrity": "sha512-1yD6RmLI1XBfxugvORwlck6f75tYL+iR0jqwsOrOxMZyGYqUuDhJ0l4AXdO1iX/FTs9cBAMEk1gWSEx1kSbylg==",
      "license": "MIT",
      "dependencies": {
        "locate-path": "^3.0.0"
      },
      "engines": {
        "node": ">=6"
      }
    },
    "node_modules/fs-extra": {
      "version": "10.1.0",
      "resolved": "https://registry.npmjs.org/fs-extra/-/fs-extra-10.1.0.tgz",
      "integrity": "sha512-oRXApq54ETRj4eMiFzGnHWGy+zo5raudjuxN0b8H7s/RU2oW0Wvsx9O0ACRN/kRq9E8Vu/ReskGB5o3ji+FzHQ==",
      "license": "MIT",
      "dependencies": {
        "graceful-fs": "^4.2.0",
        "jsonfile": "^6.0.1",
        "universalify": "^2.0.0"
      },
      "engines": {
        "node": ">=12"
      }
    },
    "node_modules/graceful-fs": {
      "version": "4.2.11",
      "resolved": "https://registry.npmjs.org/graceful-fs/-/graceful-fs-4.2.11.tgz",
      "integrity": "sha512-RbJ5/jmFcNNCcDV5o9eTnBLJ/HszWV0P73bc+Ff4nS/rJj+YaS6IGyiOL0VoBYX+l1Wrl3k63h/KrH+nhJ0XvQ==",
      "license": "ISC"
    },
    "node_modules/is-obj": {
      "version": "2.0.0",
      "resolved": "https://registry.npmjs.org/is-obj/-/is-obj-2.0.0.tgz",
      "integrity": "sha512-drqDG3cbczxxEJRoOXcOjtdp1J/lyp1mNn0xaznRs8+muBhgQcrnbspox5X5fOw0HnMnbfDzvnEMEtqDEJEo8w==",
      "license": "MIT",
      "engines": {
        "node": ">=8"
      }
    },
    "node_modules/js-yaml": {
      "version": "4.3.1",
      "resolved": "https://registry.npmjs.org/js-yaml/-/js-yaml-4.3.1.tgz",
      "integrity": "sha512-CY6crGq313MX8GkwvB7tzgp99vjQxY1++5y10/BKN/GUfHqWaOGQMNZkBvqSzsZKWk/ijwHlWzzkLulsGHhjWQ==",
      "funding": [
        {
          "type": "github",
          "url": "https://github.com/sponsors/puzrin"
        },
        {
          "type": "github",
          "url": "https://github.com/sponsors/nodeca"
        }
      ],
      "license": "MIT",
      "dependencies": {
        "argparse": "^2.0.1"
      },
      "bin": {
        "js-yaml": "bin/js-yaml.js"
      }
    },
    "node_modules/json-schema-traverse": {
      "version": "1.0.0",
      "resolved": "https://registry.npmjs.org/json-schema-traverse/-/json-schema-traverse-1.0.0.tgz",
      "integrity": "sha512-NM8/P9n3XjXhIZn1lLhkFaACTOURQXjWhV4BA/RnOv8xvgqtqpAX9IO4mRQxSx1Rlo4tqzeqb0sOlruaOy3dug==",
      "license": "MIT"
    },
    "node_modules/json-schema-typed": {
      "version": "7.0.3",
      "resolved": "https://registry.npmjs.org/json-schema-typed/-/json-schema-typed-7.0.3.tgz",
      "integrity": "sha512-7DE8mpG+/fVw+dTpjbxnx47TaMnDfOI1jwft9g1VybltZCduyRQPJPvc+zzKY9WPHxhPWczyFuYa6I8Mw4iU5A==",
      "license": "BSD-2-Clause"
    },
    "node_modules/jsonfile": {
      "version": "6.2.1",
      "resolved": "https://registry.npmjs.org/jsonfile/-/jsonfile-6.2.1.tgz",
      "integrity": "sha512-zwOTdL3rFQ/lRdBnntKVOX6k5cKJwEc1HdilT71BWEu7J41gXIB2MRp+vxduPSwZJPWBxEzv4yH1wYLJGUHX4Q==",
      "license": "MIT",
      "dependencies": {
        "universalify": "^2.0.0"
      },
      "optionalDependencies": {
        "graceful-fs": "^4.1.6"
      }
    },
    "node_modules/lazy-val": {
      "version": "1.0.5",
      "resolved": "https://registry.npmjs.org/lazy-val/-/lazy-val-1.0.5.tgz",
      "integrity": "sha512-0/BnGCCfyUMkBpeDgWihanIAF9JmZhHBgUhEqzvf+adhNGLoP6TaiI5oF8oyb3I45P+PcnrqihSf01M0l0G5+Q==",
      "license": "MIT"
    },
    "node_modules/locate-path": {
      "version": "3.0.0",
      "resolved": "https://registry.npmjs.org/locate-path/-/locate-path-3.0.0.tgz",
      "integrity": "sha512-7AO748wWnIhNqAuaty2ZWHkQHRSNfPVIsPIfwEOWO22AmaoVrWavlOcMR5nzTLNYvp36X220/maaRsrec1G65A==",
      "license": "MIT",
      "dependencies": {
        "p-locate": "^3.0.0",
        "path-exists": "^3.0.0"
      },
      "engines": {
        "node": ">=6"
      }
    },
    "node_modules/lodash.escaperegexp": {
      "version": "4.1.2",
      "resolved": "https://registry.npmjs.org/lodash.escaperegexp/-/lodash.escaperegexp-4.1.2.tgz",
      "integrity": "sha512-TM9YBvyC84ZxE3rgfefxUWiQKLilstD6k7PTGt6wfbtXF8ixIJLOL3VYyV/z+ZiPLsVxAsKAFVwWlWeb2Y8Yyw==",
      "license": "MIT"
    },
    "node_modules/lodash.isequal": {
      "version": "4.5.0",
      "resolved": "https://registry.npmjs.org/lodash.isequal/-/lodash.isequal-4.5.0.tgz",
      "integrity": "sha512-pDo3lu8Jhfjqls6GkMgpahsF9kCyayhgykjyLMNFTKWrpVdAQtYyB4muAMWozBB4ig/dtWAmsMxLEI8wuz+DYQ==",
      "deprecated": "This package is deprecated. Use require('node:util').isDeepStrictEqual instead.",
      "license": "MIT"
    },
    "node_modules/mimic-fn": {
      "version": "3.1.0",
      "resolved": "https://registry.npmjs.org/mimic-fn/-/mimic-fn-3.1.0.tgz",
      "integrity": "sha512-Ysbi9uYW9hFyfrThdDEQuykN4Ey6BuwPD2kpI5ES/nFTDn/98yxYNLZJcgUAKPT/mcrLLKaGzJR9YVxJrIdASQ==",
      "license": "MIT",
      "engines": {
        "node": ">=8"
      }
    },
    "node_modules/ms": {
      "version": "2.1.3",
      "resolved": "https://registry.npmjs.org/ms/-/ms-2.1.3.tgz",
      "integrity": "sha512-6FlzubTLZG3J2a/NVCAleEhjzq5oxgHyaCU9yYXvcLsvoVaHJq/s5xXI6/XXP6tz7R9xAOtHnSO/tXtF3WRTlA==",
      "license": "MIT"
    },
    "node_modules/onetime": {
      "version": "5.1.2",
      "resolved": "https://registry.npmjs.org/onetime/-/onetime-5.1.2.tgz",
      "integrity": "sha512-kbpaSSGJTWdAY5KPVeMOKXSrPtr8C8C7wodJbcsd51jRnmD+GZu8Y0VoU6Dm5Z4vWr0Ig/1NKuWRKf7j5aaYSg==",
      "license": "MIT",
      "dependencies": {
        "mimic-fn": "^2.1.0"
      },
      "engines": {
        "node": ">=6"
      },
      "funding": {
        "url": "https://github.com/sponsors/sindresorhus"
      }
    },
    "node_modules/onetime/node_modules/mimic-fn": {
      "version": "2.1.0",
      "resolved": "https://registry.npmjs.org/mimic-fn/-/mimic-fn-2.1.0.tgz",
      "integrity": "sha512-OqbOk5oEQeAZ8WXWydlu9HJjz9WVdEIvamMCcXmuqUYjTknH/sqsWvhQ3vgwKFRR1HpjvNBKQ37nbJgYzGqGcg==",
      "license": "MIT",
      "engines": {
        "node": ">=6"
      }
    },
    "node_modules/p-limit": {
      "version": "2.3.0",
      "resolved": "https://registry.npmjs.org/p-limit/-/p-limit-2.3.0.tgz",
      "integrity": "sha512-//88mFWSJx8lxCzwdAABTJL2MyWB12+eIY7MDL2SqLmAkeKU9qxRvWuSyTjm3FUmpBEMuFfckAIqEaVGUDxb6w==",
      "license": "MIT",
      "dependencies": {
        "p-try": "^2.0.0"
      },
      "engines": {
        "node": ">=6"
      },
      "funding": {
        "url": "https://github.com/sponsors/sindresorhus"
      }
    },
    "node_modules/p-locate": {
      "version": "3.0.0",
      "resolved": "https://registry.npmjs.org/p-locate/-/p-locate-3.0.0.tgz",
      "integrity": "sha512-x+12w/To+4GFfgJhBEpiDcLozRJGegY+Ei7/z0tSLkMmxGZNybVMSfWj9aJn8Z5Fc7dBUNJOOVgPv2H7IwulSQ==",
      "license": "MIT",
      "dependencies": {
        "p-limit": "^2.0.0"
      },
      "engines": {
        "node": ">=6"
      }
    },
    "node_modules/p-try": {
      "version": "2.2.0",
      "resolved": "https://registry.npmjs.org/p-try/-/p-try-2.2.0.tgz",
      "integrity": "sha512-R4nPAVTAU0B9D35/Gk3uJf/7XYbQcyohSKdvAxIRSNghFl4e71hVoGnBNQz9cWaXxO2I10KTC+3jMdvvoKw6dQ==",
      "license": "MIT",
      "engines": {
        "node": ">=6"
      }
    },
    "node_modules/path-exists": {
      "version": "3.0.0",
      "resolved": "https://registry.npmjs.org/path-exists/-/path-exists-3.0.0.tgz",
      "integrity": "sha512-bpC7GYwiDYQ4wYLe+FA8lhRjhQCMcQGuSgGGqDkg/QerRWw9CmGRT0iSOVRSZJ29NMLZgIzqaljJ63oaL4NIJQ==",
      "license": "MIT",
      "engines": {
        "node": ">=4"
      }
    },
    "node_modules/pkg-up": {
      "version": "3.1.0",
      "resolved": "https://registry.npmjs.org/pkg-up/-/pkg-up-3.1.0.tgz",
      "integrity": "sha512-nDywThFk1i4BQK4twPQ6TA4RT8bDY96yeuCVBWL3ePARCiEKDRSrNGbFIgUJpLp+XeIR65v8ra7WuJOFUBtkMA==",
      "license": "MIT",
      "dependencies": {
        "find-up": "^3.0.0"
      },
      "engines": {
        "node": ">=8"
      }
    },
    "node_modules/progress": {
      "version": "2.0.3",
      "resolved": "https://registry.npmjs.org/progress/-/progress-2.0.3.tgz",
      "integrity": "sha512-7PiHtLll5LdnKIMw100I+8xJXR5gW2QwWYkT6iJva0bXitZKa/XMrSbdmg3r2Xnaidz9Qumd0VPaMrZlF9V9sA==",
      "license": "MIT",
      "peer": true,
      "engines": {
        "node": ">=0.4.0"
      }
    },
    "node_modules/require-from-string": {
      "version": "2.0.2",
      "resolved": "https://registry.npmjs.org/require-from-string/-/require-from-string-2.0.2.tgz",
      "integrity": "sha512-Xf0nWe6RseziFMu+Ap9biiUbmplq6S9/p+7w7YXP/JBHhrUDDUhwa+vANyubuqfZWTveU//DYVGsDG7RKL/vEw==",
      "license": "MIT",
      "engines": {
        "node": ">=0.10.0"
      }
    },
    "node_modules/sax": {
      "version": "1.6.1",
      "resolved": "https://registry.npmjs.org/sax/-/sax-1.6.1.tgz",
      "integrity": "sha512-42tBVwLWnaQvW5zc4HbZrTuWccECCZfBi92FDuwtqxasH+JbPB3/FOKb1m222K42R4WxuxzzMsTswfzgtSu64Q==",
      "license": "BlueOak-1.0.0",
      "engines": {
        "node": ">=11.0.0"
      }
    },
    "node_modules/semver": {
      "version": "7.8.5",
      "resolved": "https://registry.npmjs.org/semver/-/semver-7.8.5.tgz",
      "integrity": "sha512-Y7/KDsb8LjooZpwaqGyulO6DQlksgCncchHGk+sZIY4SBvUocMBEFH5Ur1fI4dV+Jvl0w6cjvucaIi40puRioA==",
      "license": "ISC",
      "bin": {
        "semver": "bin/semver.js"
      },
      "engines": {
        "node": ">=10"
      }
    },
    "node_modules/sumchecker": {
      "version": "3.0.1",
      "resolved": "https://registry.npmjs.org/sumchecker/-/sumchecker-3.0.1.tgz",
      "integrity": "sha512-MvjXzkz/BOfyVDkG0oFOtBxHX2u3gKbMHIF/dXblZsgD3BWOFLmHovIpZY7BykJdAjcqRCBi1WYBNdEC9yI7vg==",
      "license": "Apache-2.0",
      "peer": true,
      "dependencies": {
        "debug": "^4.1.0"
      },
      "engines": {
        "node": ">= 8.0"
      }
    },
    "node_modules/tiny-typed-emitter": {
      "version": "2.1.0",
      "resolved": "https://registry.npmjs.org/tiny-typed-emitter/-/tiny-typed-emitter-2.1.0.tgz",
      "integrity": "sha512-qVtvMxeXbVej0cQWKqVSSAHmKZEHAvxdF8HEUBFWts8h+xEo5m/lEiPakuyZ3BnCBjOD8i24kzNOiOLLgsSxhA==",
      "license": "MIT"
    },
    "node_modules/type-fest": {
      "version": "2.19.0",
      "resolved": "https://registry.npmjs.org/type-fest/-/type-fest-2.19.0.tgz",
      "integrity": "sha512-RAH822pAdBgcNMAfWnCBU3CFZcfZ/i1eZjwFU/dsLKumyuuP3niueg2UAukXYF0E2AAoc82ZSSf9J0WQBinzHA==",
      "license": "(MIT OR CC0-1.0)",
      "engines": {
        "node": ">=12.20"
      },
      "funding": {
        "url": "https://github.com/sponsors/sindresorhus"
      }
    },
    "node_modules/undici": {
      "version": "7.29.0",
      "resolved": "https://registry.npmjs.org/undici/-/undici-7.29.0.tgz",
      "integrity": "sha512-IDxfleLmmbSskfWSUATiN1nfn2rDuvnMOqb5CWR92iIfojA0Ud+ulOAAEQ57LPr9rWmsreUyf5lwyao+7GNNVw==",
      "license": "MIT",
      "optional": true,
      "peer": true,
      "engines": {
        "node": ">=20.18.1"
      }
    },
    "node_modules/undici-types": {
      "version": "7.18.2",
      "resolved": "https://registry.npmjs.org/undici-types/-/undici-types-7.18.2.tgz",
      "integrity": "sha512-AsuCzffGHJybSaRrmr5eHr81mwJU3kjw6M+uprWvCXiNeN9SOGwQ3Jn8jb8m3Z6izVgknn1R0FTCEAP2QrLY/w==",
      "license": "MIT",
      "peer": true
    },
    "node_modules/universalify": {
      "version": "2.0.1",
      "resolved": "https://registry.npmjs.org/universalify/-/universalify-2.0.1.tgz",
      "integrity": "sha512-gptHNQghINnc/vTGIk0SOFGFNXw7JVrlRUtConJRlvaw6DuX0wO5Jeko9sWrMBhh+PsYAZ7oXAiOnf/UKogyiw==",
      "license": "MIT",
      "engines": {
        "node": ">= 10.0.0"
      }
    }
  }
}
